// !$*UTF8*$!
{
	archiveVersion = 1;
	classes = {
	};
	objectVersion = 56;
	objects = {

/* Begin PBXBuildFile section */
		57998C6B293563CB00059DCD /* WorldCup2022App.swift in Sources */ = {isa = PBXBuildFile; fileRef = 57998C6A293563CB00059DCD /* WorldCup2022App.swift */; };
		57998C6D293563CB00059DCD /* ContentView.swift in Sources */ = {isa = PBXBuildFile; fileRef = 57998C6C293563CB00059DCD /* ContentView.swift */; };
		57998C6F293563CC00059DCD /* Assets.xcassets in Resources */ = {isa = PBXBuildFile; fileRef = 57998C6E293563CC00059DCD /* Assets.xcassets */; };
		57998C72293563CC00059DCD /* Preview Assets.xcassets in Resources */ = {isa = PBXBuildFile; fileRef = 57998C71293563CC00059DCD /* Preview Assets.xcassets */; };
		57998C792935640B00059DCD /* FootballTeamViewModel.swift in Sources */ = {isa = PBXBuildFile; fileRef = 57998C782935640B00059DCD /* FootballTeamViewModel.swift */; };
		57998C7D2935644700059DCD /* worldCupTeams.json in Resources */ = {isa = PBXBuildFile; fileRef = 57998C7C2935644700059DCD /* worldCupTeams.json */; };
		57998C7F2935646300059DCD /* FootballTeam.swift in Sources */ = {isa = PBXBuildFile; fileRef = 57998C7E2935646300059DCD /* FootballTeam.swift */; };
		57998C812935647B00059DCD /* WorldCupView.swift in Sources */ = {isa = PBXBuildFile; fileRef = 57998C802935647B00059DCD /* WorldCupView.swift */; };
		57998C832935649D00059DCD /* Bundle+JSONParsing.swift in Sources */ = {isa = PBXBuildFile; fileRef = 57998C822935649D00059DCD /* Bundle+JSONParsing.swift */; };
		57998C852935682E00059DCD /* GroupList.swift in Sources */ = {isa = PBXBuildFile; fileRef = 57998C842935682E00059DCD /* GroupList.swift */; };
		57998C87293568D700059DCD /* WorldCupList.swift in Sources */ = {isa = PBXBuildFile; fileRef = 57998C86293568D700059DCD /* WorldCupList.swift */; };
		57FADCF5293BBCF800143EF5 /* StageView.swift in Sources */ = {isa = PBXBuildFile; fileRef = 57FADCF4293BBCF800143EF5 /* StageView.swift */; };
/* End PBXBuildFile section */

/* Begin PBXFileReference section */
		57998C67293563CB00059DCD /* WorldCup2022.app */ = {isa = PBXFileReference; explicitFileType = wrapper.application; includeInIndex = 0; path = WorldCup2022.app; sourceTree = BUILT_PRODUCTS_DIR; };
		57998C6A293563CB00059DCD /* WorldCup2022App.swift */ = {isa = PBXFileReference; lastKnownFileType = sourcecode.swift; path = WorldCup2022App.swift; sourceTree = "<group>"; };
		57998C6C293563CB00059DCD /* ContentView.swift */ = {isa = PBXFileReference; lastKnownFileType = sourcecode.swift; path = ContentView.swift; sourceTree = "<group>"; };
		57998C6E293563CC00059DCD /* Assets.xcassets */ = {isa = PBXFileReference; lastKnownFileType = folder.assetcatalog; path = Assets.xcassets; sourceTree = "<group>"; };
		57998C71293563CC00059DCD /* Preview Assets.xcassets */ = {isa = PBXFileReference; lastKnownFileType = folder.assetcatalog; path = "Preview Assets.xcassets"; sourceTree = "<group>"; };
		57998C782935640B00059DCD /* FootballTeamViewModel.swift */ = {isa = PBXFileReference; lastKnownFileType = sourcecode.swift; path = FootballTeamViewModel.swift; sourceTree = "<group>"; };
		57998C7C2935644700059DCD /* worldCupTeams.json */ = {isa = PBXFileReference; lastKnownFileType = text.json; path = worldCupTeams.json; sourceTree = "<group>"; };
		57998C7E2935646300059DCD /* FootballTeam.swift */ = {isa = PBXFileReference; lastKnownFileType = sourcecode.swift; path = FootballTeam.swift; sourceTree = "<group>"; };
		57998C802935647B00059DCD /* WorldCupView.swift */ = {isa = PBXFileReference; lastKnownFileType = sourcecode.swift; path = WorldCupView.swift; sourceTree = "<group>"; };
		57998C822935649D00059DCD /* Bundle+JSONParsing.swift */ = {isa = PBXFileReference; lastKnownFileType = sourcecode.swift; path = "Bundle+JSONParsing.swift"; sourceTree = "<group>"; };
		57998C842935682E00059DCD /* GroupList.swift */ = {isa = PBXFileReference; lastKnownFileType = sourcecode.swift; path = GroupList.swift; sourceTree = "<group>"; };
		57998C86293568D700059DCD /* WorldCupList.swift */ = {isa = PBXFileReference; lastKnownFileType = sourcecode.swift; path = WorldCupList.swift; sourceTree = "<group>"; };
		57FADCF4293BBCF800143EF5 /* StageView.swift */ = {isa = PBXFileReference; lastKnownFileType = sourcecode.swift; path = StageView.swift; sourceTree = "<group>"; };
/* End PBXFileReference section */

/* Begin PBXFrameworksBuildPhase section */
		57998C64293563CB00059DCD /* Frameworks */ = {
			isa = PBXFrameworksBuildPhase;
			buildActionMask = 2147483647;
			files = (
			);
			runOnlyForDeploymentPostprocessing = 0;
		};
/* End PBXFrameworksBuildPhase section */

/* Begin PBXGroup section */
		57998C5E293563CB00059DCD = {
			isa = PBXGroup;
			children = (
				57998C69293563CB00059DCD /* WorldCup2022 */,
				57998C68293563CB00059DCD /* Products */,
			);
			sourceTree = "<group>";
		};
		57998C68293563CB00059DCD /* Products */ = {
			isa = PBXGroup;
			children = (
				57998C67293563CB00059DCD /* WorldCup2022.app */,
			);
			name = Products;
			sourceTree = "<group>";
		};
		57998C69293563CB00059DCD /* WorldCup2022 */ = {
			isa = PBXGroup;
			children = (
				57998C8C29356A7A00059DCD /* Main App */,
				57998C8A29356A6500059DCD /* View Models */,
				57998C8B29356A6C00059DCD /* Models */,
				57998C8829356A3700059DCD /* World Cup View */,
				57998C8929356A5100059DCD /* Supporting Files */,
				57998C70293563CC00059DCD /* Preview Content */,
			);
			path = WorldCup2022;
			sourceTree = "<group>";
		};
		57998C70293563CC00059DCD /* Preview Content */ = {
			isa = PBXGroup;
			children = (
				57998C71293563CC00059DCD /* Preview Assets.xcassets */,
			);
			path = "Preview Content";
			sourceTree = "<group>";
		};
		57998C8829356A3700059DCD /* World Cup View */ = {
			isa = PBXGroup;
			children = (
				57998C802935647B00059DCD /* WorldCupView.swift */,
				57998C86293568D700059DCD /* WorldCupList.swift */,
				57FADCF4293BBCF800143EF5 /* StageView.swift */,
				57998C842935682E00059DCD /* GroupList.swift */,
			);
			path = "World Cup View";
			sourceTree = "<group>";
		};
		57998C8929356A5100059DCD /* Supporting Files */ = {
			isa = PBXGroup;
			children = (
				57998C822935649D00059DCD /* Bundle+JSONParsing.swift */,
				57998C7C2935644700059DCD /* worldCupTeams.json */,
				57998C6E293563CC00059DCD /* Assets.xcassets */,
			);
			path = "Supporting Files";
			sourceTree = "<group>";
		};
		57998C8A29356A6500059DCD /* View Models */ = {
			isa = PBXGroup;
			children = (
				57998C782935640B00059DCD /* FootballTeamViewModel.swift */,
			);
			path = "View Models";
			sourceTree = "<group>";
		};
		57998C8B29356A6C00059DCD /* Models */ = {
			isa = PBXGroup;
			children = (
				57998C7E2935646300059DCD /* FootballTeam.swift */,
			);
			path = Models;
			sourceTree = "<group>";
		};
		57998C8C29356A7A00059DCD /* Main App */ = {
			isa = PBXGroup;
			children = (
				57998C6A293563CB00059DCD /* WorldCup2022App.swift */,
				57998C6C293563CB00059DCD /* ContentView.swift */,
			);
			path = "Main App";
			sourceTree = "<group>";
		};
/* End PBXGroup section */

/* Begin PBXNativeTarget section */
		57998C66293563CB00059DCD /* WorldCup2022 */ = {
			isa = PBXNativeTarget;
			buildConfigurationList = 57998C75293563CC00059DCD /* Build configuration list for PBXNativeTarget "WorldCup2022" */;
			buildPhases = (
				57998C63293563CB00059DCD /* Sources */,
				57998C64293563CB00059DCD /* Frameworks */,
				57998C65293563CB00059DCD /* Resources */,
			);
			buildRules = (
			);
			dependencies = (
			);
			name = WorldCup2022;
			productName = WorldCup2022;
			productReference = 57998C67293563CB00059DCD /* WorldCup2022.app */;
			productType = "com.apple.product-type.application";
		};
/* End PBXNativeTarget section */

/* Begin PBXProject section */
		57998C5F293563CB00059DCD /* Project object */ = {
			isa = PBXProject;
			attributes = {
				BuildIndependentTargetsInParallel = 1;
				LastSwiftUpdateCheck = 1410;
				LastUpgradeCheck = 1410;
				TargetAttributes = {
					57998C66293563CB00059DCD = {
						CreatedOnToolsVersion = 14.1;
					};
				};
			};
			buildConfigurationList = 57998C62293563CB00059DCD /* Build configuration list for PBXProject "WorldCup2022" */;
			compatibilityVersion = "Xcode 14.0";
			developmentRegion = en;
			hasScannedForEncodings = 0;
			knownRegions = (
				en,
				Base,
			);
			mainGroup = 57998C5E293563CB00059DCD;
			productRefGroup = 57998C68293563CB00059DCD /* Products */;
			projectDirPath = "";
			projectRoot = "";
			targets = (
				57998C66293563CB00059DCD /* WorldCup2022 */,
			);
		};
/* End PBXProject section */

/* Begin PBXResourcesBuildPhase section */
		57998C65293563CB00059DCD /* Resources */ = {
			isa = PBXResourcesBuildPhase;
			buildActionMask = 2147483647;
			files = (
				57998C7D2935644700059DCD /* worldCupTeams.json in Resources */,
				57998C72293563CC00059DCD /* Preview Assets.xcassets in Resources */,
				57998C6F293563CC00059DCD /* Assets.xcassets in Resources */,
			);
			runOnlyForDeploymentPostprocessing = 0;
		};
/* End PBXResourcesBuildPhase section */

/* Begin PBXSourcesBuildPhase section */
		57998C63293563CB00059DCD /* Sources */ = {
			isa = PBXSourcesBuildPhase;
			buildActionMask = 2147483647;
			files = (
				57998C812935647B00059DCD /* WorldCupView.swift in Sources */,
				57998C87293568D700059DCD /* WorldCupList.swift in Sources */,
				57998C6D293563CB00059DCD /* ContentView.swift in Sources */,
				57998C6B293563CB00059DCD /* WorldCup2022App.swift in Sources */,
				57FADCF5293BBCF800143EF5 /* StageView.swift in Sources */,
				57998C792935640B00059DCD /* FootballTeamViewModel.swift in Sources */,
				57998C832935649D00059DCD /* Bundle+JSONParsing.swift in Sources */,
				57998C7F2935646300059DCD /* FootballTeam.swift in Sources */,
				57998C852935682E00059DCD /* GroupList.swift in Sources */,
			);
			runOnlyForDeploymentPostprocessing = 0;
		};
/* End PBXSourcesBuildPhase section */

/* Begin XCBuildConfiguration section */
		57998C73293563CC00059DCD /* Debug */ = {
			isa = XCBuildConfiguration;
			buildSettings = {
				ALWAYS_SEARCH_USER_PATHS = NO;
				CLANG_ANALYZER_NONNULL = YES;
				CLANG_ANALYZER_NUMBER_OBJECT_CONVERSION = YES_AGGRESSIVE;
				CLANG_CXX_LANGUAGE_STANDARD = "gnu++20";
				CLANG_ENABLE_MODULES = YES;
				CLANG_ENABLE_OBJC_ARC = YES;
				CLANG_ENABLE_OBJC_WEAK = YES;
				CLANG_WARN_BLOCK_CAPTURE_AUTORELEASING = YES;
				CLANG_WARN_BOOL_CONVERSION = YES;
				CLANG_WARN_COMMA = YES;
				CLANG_WARN_CONSTANT_CONVERSION = YES;
				CLANG_WARN_DEPRECATED_OBJC_IMPLEMENTATIONS = YES;
				CLANG_WARN_DIRECT_OBJC_ISA_USAGE = YES_ERROR;
				CLANG_WARN_DOCUMENTATION_COMMENTS = YES;
				CLANG_WARN_EMPTY_BODY = YES;
				CLANG_WARN_ENUM_CONVERSION = YES;
				CLANG_WARN_INFINITE_RECURSION = YES;
				CLANG_WARN_INT_CONVERSION = YES;
				CLANG_WARN_NON_LITERAL_NULL_CONVERSION = YES;
				CLANG_WARN_OBJC_IMPLICIT_RETAIN_SELF = YES;
				CLANG_WARN_OBJC_LITERAL_CONVERSION = YES;
				CLANG_WARN_OBJC_ROOT_CLASS = YES_ERROR;
				CLANG_WARN_QUOTED_INCLUDE_IN_FRAMEWORK_HEADER = YES;
				CLANG_WARN_RANGE_LOOP_ANALYSIS = YES;
				CLANG_WARN_STRICT_PROTOTYPES = YES;
				CLANG_WARN_SUSPICIOUS_MOVE = YES;
				CLANG_WARN_UNGUARDED_AVAILABILITY = YES_AGGRESSIVE;
				CLANG_WARN_UNREACHABLE_CODE = YES;
				CLANG_WARN__DUPLICATE_METHOD_MATCH = YES;
				COPY_PHASE_STRIP = NO;
				DEBUG_INFORMATION_FORMAT = dwarf;
				ENABLE_STRICT_OBJC_MSGSEND = YES;
				ENABLE_TESTABILITY = YES;
				GCC_C_LANGUAGE_STANDARD = gnu11;
				GCC_DYNAMIC_NO_PIC = NO;
				GCC_NO_COMMON_BLOCKS = YES;
				GCC_OPTIMIZATION_LEVEL = 0;
				GCC_PREPROCESSOR_DEFINITIONS = (
					"DEBUG=1",
					"$(inherited)",
				);
				GCC_WARN_64_TO_32_BIT_CONVERSION = YES;
				GCC_WARN_ABOUT_RETURN_TYPE = YES_ERROR;
				GCC_WARN_UNDECLARED_SELECTOR = YES;
				GCC_WARN_UNINITIALIZED_AUTOS = YES_AGGRESSIVE;
				GCC_WARN_UNUSED_FUNCTION = YES;
				GCC_WARN_UNUSED_VARIABLE = YES;
				IPHONEOS_DEPLOYMENT_TARGET = 16.1;
				MTL_ENABLE_DEBUG_INFO = INCLUDE_SOURCE;
				MTL_FAST_MATH = YES;
				ONLY_ACTIVE_ARCH = YES;
				SDKROOT = iphoneos;
				SWIFT_ACTIVE_COMPILATION_CONDITIONS = DEBUG;
				SWIFT_OPTIMIZATION_LEVEL = "-Onone";
			};
			name = Debug;
		};
		57998C74293563CC00059DCD /* Release */ = {
			isa = XCBuildConfiguration;
			buildSettings = {
				ALWAYS_SEARCH_USER_PATHS = NO;
				CLANG_ANALYZER_NONNULL = YES;
				CLANG_ANALYZER_NUMBER_OBJECT_CONVERSION = YES_AGGRESSIVE;
				CLANG_CXX_LANGUAGE_STANDARD = "gnu++20";
				CLANG_ENABLE_MODULES = YES;
				CLANG_ENABLE_OBJC_ARC = YES;
				CLANG_ENABLE_OBJC_WEAK = YES;
				CLANG_WARN_BLOCK_CAPTURE_AUTORELEASING = YES;
				CLANG_WARN_BOOL_CONVERSION = YES;
				CLANG_WARN_COMMA = YES;
				CLANG_WARN_CONSTANT_CONVERSION = YES;
				CLANG_WARN_DEPRECATED_OBJC_IMPLEMENTATIONS = YES;
				CLANG_WARN_DIRECT_OBJC_ISA_USAGE = YES_ERROR;
				CLANG_WARN_DOCUMENTATION_COMMENTS = YES;
				CLANG_WARN_EMPTY_BODY = YES;
				CLANG_WARN_ENUM_CONVERSION = YES;
				CLANG_WARN_INFINITE_RECURSION = YES;
				CLANG_WARN_INT_CONVERSION = YES;
				CLANG_WARN_NON_LITERAL_NULL_CONVERSION = YES;
				CLANG_WARN_OBJC_IMPLICIT_RETAIN_SELF = YES;
				CLANG_WARN_OBJC_LITERAL_CONVERSION = YES;
				CLANG_WARN_OBJC_ROOT_CLASS = YES_ERROR;
				CLANG_WARN_QUOTED_INCLUDE_IN_FRAMEWORK_HEADER = YES;
				CLANG_WARN_RANGE_LOOP_ANALYSIS = YES;
				CLANG_WARN_STRICT_PROTOTYPES = YES;
				CLANG_WARN_SUSPICIOUS_MOVE = YES;
				CLANG_WARN_UNGUARDED_AVAILABILITY = YES_AGGRESSIVE;
				CLANG_WARN_UNREACHABLE_CODE = YES;
				CLANG_WARN__DUPLICATE_METHOD_MATCH = YES;
				COPY_PHASE_STRIP = NO;
				DEBUG_INFORMATION_FORMAT = "dwarf-with-dsym";
				ENABLE_NS_ASSERTIONS = NO;
				ENABLE_STRICT_OBJC_MSGSEND = YES;
				GCC_C_LANGUAGE_STANDARD = gnu11;
				GCC_NO_COMMON_BLOCKS = YES;
				GCC_WARN_64_TO_32_BIT_CONVERSION = YES;
				GCC_WARN_ABOUT_RETURN_TYPE = YES_ERROR;
				GCC_WARN_UNDECLARED_SELECTOR = YES;
				GCC_WARN_UNINITIALIZED_AUTOS = YES_AGGRESSIVE;
				GCC_WARN_UNUSED_FUNCTION = YES;
				GCC_WARN_UNUSED_VARIABLE = YES;
				IPHONEOS_DEPLOYMENT_TARGET = 16.1;
				MTL_ENABLE_DEBUG_INFO = NO;
				MTL_FAST_MATH = YES;
				SDKROOT = iphoneos;
				SWIFT_COMPILATION_MODE = wholemodule;
				SWIFT_OPTIMIZATION_LEVEL = "-O";
				VALIDATE_PRODUCT = YES;
			};
			name = Release;
		};
		57998C76293563CC00059DCD /* Debug */ = {
			isa = XCBuildConfiguration;
			buildSettings = {
				ASSETCATALOG_COMPILER_APPICON_NAME = AppIcon;
				ASSETCATALOG_COMPILER_GLOBAL_ACCENT_COLOR_NAME = AccentColor;
				CODE_SIGN_STYLE = Automatic;
				CURRENT_PROJECT_VERSION = 1;
				DEVELOPMENT_ASSET_PATHS = "\"WorldCup2022/Preview Content\"";
				DEVELOPMENT_TEAM = ZEKMNK5YD3;
				ENABLE_PREVIEWS = YES;
				GENERATE_INFOPLIST_FILE = YES;
				INFOPLIST_KEY_UIApplicationSceneManifest_Generation = YES;
				INFOPLIST_KEY_UIApplicationSupportsIndirectInputEvents = YES;
				INFOPLIST_KEY_UILaunchScreen_Generation = YES;
				INFOPLIST_KEY_UIRequiresFullScreen = YES;
				INFOPLIST_KEY_UISupportedInterfaceOrientations = UIInterfaceOrientationPortrait;
				IPHONEOS_DEPLOYMENT_TARGET = 16.0;
				LD_RUNPATH_SEARCH_PATHS = (
					"$(inherited)",
					"@executable_path/Frameworks",
				);
				MARKETING_VERSION = 1.0;
				PRODUCT_BUNDLE_IDENTIFIER = dev.alexpaul.WorldCup2022;
				PRODUCT_NAME = "$(TARGET_NAME)";
				SWIFT_EMIT_LOC_STRINGS = YES;
				SWIFT_VERSION = 5.0;
				TARGETED_DEVICE_FAMILY = "1,2";
			};
			name = Debug;
		};
		57998C77293563CC00059DCD /* Release */ = {
			isa = XCBuildConfiguration;
			buildSettings = {
				ASSETCATALOG_COMPILER_APPICON_NAME = AppIcon;
				ASSETCATALOG_COMPILER_GLOBAL_ACCENT_COLOR_NAME = AccentColor;
				CODE_SIGN_STYLE = Automatic;
				CURRENT_PROJECT_VERSION = 1;
				DEVELOPMENT_ASSET_PATHS = "\"WorldCup2022/Preview Content\"";
				DEVELOPMENT_TEAM = ZEKMNK5YD3;
				ENABLE_PREVIEWS = YES;
				GENERATE_INFOPLIST_FILE = YES;
				INFOPLIST_KEY_UIApplicationSceneManifest_Generation = YES;
				INFOPLIST_KEY_UIApplicationSupportsIndirectInputEvents = YES;
				INFOPLIST_KEY_UILaunchScreen_Generation = YES;
				INFOPLIST_KEY_UIRequiresFullScreen = YES;
				INFOPLIST_KEY_UISupportedInterfaceOrientations = UIInterfaceOrientationPortrait;
				IPHONEOS_DEPLOYMENT_TARGET = 16.0;
				LD_RUNPATH_SEARCH_PATHS = (
					"$(inherited)",
					"@executable_path/Frameworks",
				);
				MARKETING_VERSION = 1.0;
				PRODUCT_BUNDLE_IDENTIFIER = dev.alexpaul.WorldCup2022;
				PRODUCT_NAME = "$(TARGET_NAME)";
				SWIFT_EMIT_LOC_STRINGS = YES;
				SWIFT_VERSION = 5.0;
				TARGETED_DEVICE_FAMILY = "1,2";
			};
			name = Release;
		};
/* End XCBuildConfiguration section */

/* Begin XCConfigurationList section */
		57998C62293563CB00059DCD /* Build configuration list for PBXProject "WorldCup2022" */ = {
			isa = XCConfigurationList;
			buildConfigurations = (
				57998C73293563CC00059DCD /* Debug */,
				57998C74293563CC00059DCD /* Release */,
			);
			defaultConfigurationIsVisible = 0;
			defaultConfigurationName = Release;
		};
		57998C75293563CC00059DCD /* Build configuration list for PBXNativeTarget "WorldCup2022" */ = {
			isa = XCConfigurationList;
			buildConfigurations = (
				57998C76293563CC00059DCD /* Debug */,
				57998C77293563CC00059DCD /* Release */,
			);
			defaultConfigurationIsVisible = 0;
			defaultConfigurationName = Release;
		};
/* End XCConfigurationList section */
	};
	rootObject = 57998C5F293563CB00059DCD /* Project object */;
}
